
Microsoft Visual Studio Solution File, Format Version 12.00
# Visual Studio Version 17
VisualStudioVersion = 17.14.36119.2 d17.14
MinimumVisualStudioVersion = 10.0.40219.1
Project("{FAE04EC0-301F-11D3-BF4B-00C04F79EFBC}") = "prjKpopIndexers", "prjKpopIndexers\prjKpopIndexers.csproj", "{326D64F1-6D55-498E-9923-5FBE53890730}"
EndProject
Project("{FAE04EC0-301F-11D3-BF4B-00C04F79EFBC}") = "TestProject1", "TestProject1\TestProject1.csproj", "{5662BCEA-06CE-4320-ADF4-0FA705F4674C}"
EndProject
Global
	GlobalSection(SolutionConfigurationPlatforms) = preSolution
		Debug|Any CPU = Debug|Any CPU
		Release|Any CPU = Release|Any CPU
	EndGlobalSection
	GlobalSection(ProjectConfigurationPlatforms) = postSolution
		{326D64F1-6D55-498E-9923-5FBE53890730}.Debug|Any CPU.ActiveCfg = Debug|Any CPU
		{326D64F1-6D55-498E-9923-5FBE53890730}.Debug|Any CPU.Build.0 = Debug|Any CPU
		{326D64F1-6D55-498E-9923-5FBE53890730}.Release|Any CPU.ActiveCfg = Release|Any CPU
		{326D64F1-6D55-498E-9923-5FBE53890730}.Release|Any CPU.Build.0 = Release|Any CPU
		{5662BCEA-06CE-4320-ADF4-0FA705F4674C}.Debug|Any CPU.ActiveCfg = Debug|Any CPU
		{5662BCEA-06CE-4320-ADF4-0FA705F4674C}.Debug|Any CPU.Build.0 = Debug|Any CPU
		{5662BCEA-06CE-4320-ADF4-0FA705F4674C}.Release|Any CPU.ActiveCfg = Release|Any CPU
		{5662BCEA-06CE-4320-ADF4-0FA705F4674C}.Release|Any CPU.Build.0 = Release|Any CPU
	EndGlobalSection
	GlobalSection(SolutionProperties) = preSolution
		HideSolutionNode = FALSE
	EndGlobalSection
	GlobalSection(ExtensibilityGlobals) = postSolution
		SolutionGuid = {212FC460-C9B5-43A8-9196-94B8199227F2}
	EndGlobalSection
EndGlobal
